Microsoft Visual Studio Solution File, Format Version 11.00
# Visual Studio 2008

Project("{D1BC617A-B840-5F4F-9C8B-7E6F56B89E55}") = "walkingTest", "Assembly-CSharp-firstpass.csproj", "{1A70426D-7E72-AED0-52CA-94F597818614}"
EndProject
Project("{D1BC617A-B840-5F4F-9C8B-7E6F56B89E55}") = "walkingTest", "Assembly-CSharp.csproj", "{A13910F0-853F-3B7E-0852-8BBDB1F25CB4}"
EndProject
Project("{D1BC617A-B840-5F4F-9C8B-7E6F56B89E55}") = "walkingTest", "Assembly-CSharp-Editor-firstpass.csproj", "{FC21403A-65BE-58F6-72EA-D1A1FC4071F2}"
EndProject
Project("{D1BC617A-B840-5F4F-9C8B-7E6F56B89E55}") = "walkingTest", "Assembly-CSharp-Editor.csproj", "{C0B4B776-272B-C3F5-76A9-4158D9356D73}"
EndProject
Global
	GlobalSection(SolutionConfigurationPlatforms) = preSolution
		Debug|Any CPU = Debug|Any CPU
		Release|Any CPU = Release|Any CPU
	EndGlobalSection
	GlobalSection(ProjectConfigurationPlatforms) = postSolution
		{1A70426D-7E72-AED0-52CA-94F597818614}.Debug|Any CPU.ActiveCfg = Debug|Any CPU
		{1A70426D-7E72-AED0-52CA-94F597818614}.Debug|Any CPU.Build.0 = Debug|Any CPU
		{1A70426D-7E72-AED0-52CA-94F597818614}.Release|Any CPU.ActiveCfg = Release|Any CPU
		{1A70426D-7E72-AED0-52CA-94F597818614}.Release|Any CPU.Build.0 = Release|Any CPU
		{A13910F0-853F-3B7E-0852-8BBDB1F25CB4}.Debug|Any CPU.ActiveCfg = Debug|Any CPU
		{A13910F0-853F-3B7E-0852-8BBDB1F25CB4}.Debug|Any CPU.Build.0 = Debug|Any CPU
		{A13910F0-853F-3B7E-0852-8BBDB1F25CB4}.Release|Any CPU.ActiveCfg = Release|Any CPU
		{A13910F0-853F-3B7E-0852-8BBDB1F25CB4}.Release|Any CPU.Build.0 = Release|Any CPU
		{FC21403A-65BE-58F6-72EA-D1A1FC4071F2}.Debug|Any CPU.ActiveCfg = Debug|Any CPU
		{FC21403A-65BE-58F6-72EA-D1A1FC4071F2}.Debug|Any CPU.Build.0 = Debug|Any CPU
		{FC21403A-65BE-58F6-72EA-D1A1FC4071F2}.Release|Any CPU.ActiveCfg = Release|Any CPU
		{FC21403A-65BE-58F6-72EA-D1A1FC4071F2}.Release|Any CPU.Build.0 = Release|Any CPU
		{C0B4B776-272B-C3F5-76A9-4158D9356D73}.Debug|Any CPU.ActiveCfg = Debug|Any CPU
		{C0B4B776-272B-C3F5-76A9-4158D9356D73}.Debug|Any CPU.Build.0 = Debug|Any CPU
		{C0B4B776-272B-C3F5-76A9-4158D9356D73}.Release|Any CPU.ActiveCfg = Release|Any CPU
		{C0B4B776-272B-C3F5-76A9-4158D9356D73}.Release|Any CPU.Build.0 = Release|Any CPU
	EndGlobalSection
	GlobalSection(SolutionProperties) = preSolution
		HideSolutionNode = FALSE
	EndGlobalSection
	GlobalSection(MonoDevelopProperties) = preSolution
		StartupItem = Assembly-CSharp.csproj
	EndGlobalSection
EndGlobal
